{
  "requires": true,
  "lockfileVersion": 1,
  "dependencies": {
    "async-limiter": {
      "version": "1.0.1",
      "resolved": "",
      "integrity": ""
    },
    "discord.js": {
      "version": "11.5.1",
      "resolved": "",
      "integrity": "",
      "requires": {
        "long": "^4.0.0",
        "prism-media": "^0.0.3",
        "snekfetch": "^3.6.4",
        "tweetnacl": "^1.0.0",
        "ws": "^6.0.0"
      }
    },
    "long": {
      "version": "4.0.0",
      "resolved": "",
      "integrity": ""
    },
    "prism-media": {
      "version": "0.0.3",
      "resolved": "",
      "integrity": ""
    },
    "snekfetch": {
      "version": "3.6.4",
      "resolved": "",
      "integrity": ""
    },
    "tweetnacl": {
      "version": "1.0.1",
      "resolved": "",
      "integrity": ""
    },
    "ws": {
      "version": "6.2.1",
      "resolved": "",
      "integrity": "",
      "requires": {
        "async-limiter": "~1.0.0"
      }
    }
  }
}
